
Microsoft Visual Studio Solution File, Format Version 12.00
# Visual Studio Version 16
VisualStudioVersion = 16.0.31515.178
MinimumVisualStudioVersion = 10.0.40219.1
Project("{FAE04EC0-301F-11D3-BF4B-00C04F79EFBC}") = "fit5032.order_receiver", "fit5032.order_receiver\fit5032.order_receiver.csproj", "{0DE1D481-DF0D-4961-B459-3B548C5A4BDF}"
EndProject
Global
	GlobalSection(SolutionConfigurationPlatforms) = preSolution
		Debug|Any CPU = Debug|Any CPU
		Release|Any CPU = Release|Any CPU
	EndGlobalSection
	GlobalSection(ProjectConfigurationPlatforms) = postSolution
		{0DE1D481-DF0D-4961-B459-3B548C5A4BDF}.Debug|Any CPU.ActiveCfg = Debug|Any CPU
		{0DE1D481-DF0D-4961-B459-3B548C5A4BDF}.Debug|Any CPU.Build.0 = Debug|Any CPU
		{0DE1D481-DF0D-4961-B459-3B548C5A4BDF}.Release|Any CPU.ActiveCfg = Release|Any CPU
		{0DE1D481-DF0D-4961-B459-3B548C5A4BDF}.Release|Any CPU.Build.0 = Release|Any CPU
	EndGlobalSection
	GlobalSection(SolutionProperties) = preSolution
		HideSolutionNode = FALSE
	EndGlobalSection
	GlobalSection(ExtensibilityGlobals) = postSolution
		SolutionGuid = {D822DF9C-E2ED-4114-AB5D-18CDEF24E61D}
	EndGlobalSection
EndGlobal
